PODS:
  - Alamofire (5.1.0)
  - IQKeyboardManagerSwift (6.5.5)
  - Kingfisher (5.13.3):
    - Kingfisher/Core (= 5.13.3)
  - Kingfisher/Core (5.13.3)

DEPENDENCIES:
  - Alamofire
  - IQKeyboardManagerSwift
  - Kingfisher

SPEC REPOS:
  https://github.com/cocoapods/specs.git:
    - Alamofire
    - IQKeyboardManagerSwift
    - Kingfisher

SPEC CHECKSUMS:
  Alamofire: 9d5c5f602928e512395b30950c5984eca840093c
  IQKeyboardManagerSwift: 0fb93310284665245591f50f7a5e38de615960b7
  Kingfisher: d2b3d6a7200c93b34de9afcdf25c8dd9282ec277

PODFILE CHECKSUM: 077741ed991353a9355a62a78ee3e3515a5f165e

COCOAPODS: 1.7.5
